// !$*UTF8*$!
{
	archiveVersion = 1;
	classes = {
	};
	objectVersion = 50;
	objects = {

/* Begin PBXBuildFile section */
		852737E2236AEB1400ACA619 /* AppDelegate.swift in Sources */ = {isa = PBXBuildFile; fileRef = 852737E1236AEB1400ACA619 /* AppDelegate.swift */; };
		852737E4236AEB1400ACA619 /* SceneDelegate.swift in Sources */ = {isa = PBXBuildFile; fileRef = 852737E3236AEB1400ACA619 /* SceneDelegate.swift */; };
		852737E6236AEB1400ACA619 /* ViewController.swift in Sources */ = {isa = PBXBuildFile; fileRef = 852737E5236AEB1400ACA619 /* ViewController.swift */; };
		852737E9236AEB1400ACA619 /* Main.storyboard in Resources */ = {isa = PBXBuildFile; fileRef = 852737E7236AEB1400ACA619 /* Main.storyboard */; };
		852737EB236AEB1500ACA619 /* Assets.xcassets in Resources */ = {isa = PBXBuildFile; fileRef = 852737EA236AEB1500ACA619 /* Assets.xcassets */; };
		852737EE236AEB1500ACA619 /* LaunchScreen.storyboard in Resources */ = {isa = PBXBuildFile; fileRef = 852737EC236AEB1500ACA619 /* LaunchScreen.storyboard */; };
		852737F6236AECB700ACA619 /* PlacesTableViewController.swift in Sources */ = {isa = PBXBuildFile; fileRef = 852737F5236AECB700ACA619 /* PlacesTableViewController.swift */; };
		852737F8236AED3400ACA619 /* PlaceFinderViewController.swift in Sources */ = {isa = PBXBuildFile; fileRef = 852737F7236AED3400ACA619 /* PlaceFinderViewController.swift */; };
		852737FA236AF9BE00ACA619 /* MapViewController.swift in Sources */ = {isa = PBXBuildFile; fileRef = 852737F9236AF9BE00ACA619 /* MapViewController.swift */; };
		85AA32E6236B52E100A1D6A4 /* Place.swift in Sources */ = {isa = PBXBuildFile; fileRef = 85AA32E5236B52E100A1D6A4 /* Place.swift */; };
		85ACDC43236F877F00502744 /* PlaceAnnotation.swift in Sources */ = {isa = PBXBuildFile; fileRef = 85ACDC42236F877F00502744 /* PlaceAnnotation.swift */; };
/* End PBXBuildFile section */

/* Begin PBXFileReference section */
		852737DE236AEB1400ACA619 /* 3MA_QueroConhecer.app */ = {isa = PBXFileReference; explicitFileType = wrapper.application; includeInIndex = 0; path = 3MA_QueroConhecer.app; sourceTree = BUILT_PRODUCTS_DIR; };
		852737E1236AEB1400ACA619 /* AppDelegate.swift */ = {isa = PBXFileReference; lastKnownFileType = sourcecode.swift; path = AppDelegate.swift; sourceTree = "<group>"; };
		852737E3236AEB1400ACA619 /* SceneDelegate.swift */ = {isa = PBXFileReference; lastKnownFileType = sourcecode.swift; path = SceneDelegate.swift; sourceTree = "<group>"; };
		852737E5236AEB1400ACA619 /* ViewController.swift */ = {isa = PBXFileReference; lastKnownFileType = sourcecode.swift; path = ViewController.swift; sourceTree = "<group>"; };
		852737E8236AEB1400ACA619 /* Base */ = {isa = PBXFileReference; lastKnownFileType = file.storyboard; name = Base; path = Base.lproj/Main.storyboard; sourceTree = "<group>"; };
		852737EA236AEB1500ACA619 /* Assets.xcassets */ = {isa = PBXFileReference; lastKnownFileType = folder.assetcatalog; path = Assets.xcassets; sourceTree = "<group>"; };
		852737ED236AEB1500ACA619 /* Base */ = {isa = PBXFileReference; lastKnownFileType = file.storyboard; name = Base; path = Base.lproj/LaunchScreen.storyboard; sourceTree = "<group>"; };
		852737EF236AEB1500ACA619 /* Info.plist */ = {isa = PBXFileReference; lastKnownFileType = text.plist.xml; path = Info.plist; sourceTree = "<group>"; };
		852737F5236AECB700ACA619 /* PlacesTableViewController.swift */ = {isa = PBXFileReference; lastKnownFileType = sourcecode.swift; path = PlacesTableViewController.swift; sourceTree = "<group>"; };
		852737F7236AED3400ACA619 /* PlaceFinderViewController.swift */ = {isa = PBXFileReference; lastKnownFileType = sourcecode.swift; path = PlaceFinderViewController.swift; sourceTree = "<group>"; };
		852737F9236AF9BE00ACA619 /* MapViewController.swift */ = {isa = PBXFileReference; lastKnownFileType = sourcecode.swift; path = MapViewController.swift; sourceTree = "<group>"; };
		85AA32E5236B52E100A1D6A4 /* Place.swift */ = {isa = PBXFileReference; lastKnownFileType = sourcecode.swift; path = Place.swift; sourceTree = "<group>"; };
		85ACDC42236F877F00502744 /* PlaceAnnotation.swift */ = {isa = PBXFileReference; lastKnownFileType = sourcecode.swift; path = PlaceAnnotation.swift; sourceTree = "<group>"; };
/* End PBXFileReference section */

/* Begin PBXFrameworksBuildPhase section */
		852737DB236AEB1400ACA619 /* Frameworks */ = {
			isa = PBXFrameworksBuildPhase;
			buildActionMask = 2147483647;
			files = (
			);
			runOnlyForDeploymentPostprocessing = 0;
		};
/* End PBXFrameworksBuildPhase section */

/* Begin PBXGroup section */
		852737D5236AEB1400ACA619 = {
			isa = PBXGroup;
			children = (
				852737E0236AEB1400ACA619 /* QueroConhecer */,
				852737DF236AEB1400ACA619 /* Products */,
			);
			sourceTree = "<group>";
		};
		852737DF236AEB1400ACA619 /* Products */ = {
			isa = PBXGroup;
			children = (
				852737DE236AEB1400ACA619 /* 3MA_QueroConhecer.app */,
			);
			name = Products;
			sourceTree = "<group>";
		};
		852737E0236AEB1400ACA619 /* QueroConhecer */ = {
			isa = PBXGroup;
			children = (
				852737E1236AEB1400ACA619 /* AppDelegate.swift */,
				852737E3236AEB1400ACA619 /* SceneDelegate.swift */,
				852737E5236AEB1400ACA619 /* ViewController.swift */,
				852737E7236AEB1400ACA619 /* Main.storyboard */,
				852737F9236AF9BE00ACA619 /* MapViewController.swift */,
				852737F7236AED3400ACA619 /* PlaceFinderViewController.swift */,
				85AA32E5236B52E100A1D6A4 /* Place.swift */,
				852737F5236AECB700ACA619 /* PlacesTableViewController.swift */,
				85ACDC42236F877F00502744 /* PlaceAnnotation.swift */,
				852737EA236AEB1500ACA619 /* Assets.xcassets */,
				852737EC236AEB1500ACA619 /* LaunchScreen.storyboard */,
				852737EF236AEB1500ACA619 /* Info.plist */,
			);
			path = QueroConhecer;
			sourceTree = "<group>";
		};
/* End PBXGroup section */

/* Begin PBXNativeTarget section */
		852737DD236AEB1400ACA619 /* QueroConhecer */ = {
			isa = PBXNativeTarget;
			buildConfigurationList = 852737F2236AEB1500ACA619 /* Build configuration list for PBXNativeTarget "QueroConhecer" */;
			buildPhases = (
				852737DA236AEB1400ACA619 /* Sources */,
				852737DB236AEB1400ACA619 /* Frameworks */,
				852737DC236AEB1400ACA619 /* Resources */,
			);
			buildRules = (
			);
			dependencies = (
			);
			name = QueroConhecer;
			productName = QueroConhecer;
			productReference = 852737DE236AEB1400ACA619 /* 3MA_QueroConhecer.app */;
			productType = "com.apple.product-type.application";
		};
/* End PBXNativeTarget section */

/* Begin PBXProject section */
		852737D6236AEB1400ACA619 /* Project object */ = {
			isa = PBXProject;
			attributes = {
				LastSwiftUpdateCheck = 1110;
				LastUpgradeCheck = 1110;
				ORGANIZATIONNAME = 3MA;
				TargetAttributes = {
					852737DD236AEB1400ACA619 = {
						CreatedOnToolsVersion = 11.1;
					};
				};
			};
			buildConfigurationList = 852737D9236AEB1400ACA619 /* Build configuration list for PBXProject "QueroConhecer" */;
			compatibilityVersion = "Xcode 9.3";
			developmentRegion = en;
			hasScannedForEncodings = 0;
			knownRegions = (
				en,
				Base,
			);
			mainGroup = 852737D5236AEB1400ACA619;
			productRefGroup = 852737DF236AEB1400ACA619 /* Products */;
			projectDirPath = "";
			projectRoot = "";
			targets = (
				852737DD236AEB1400ACA619 /* QueroConhecer */,
			);
		};
/* End PBXProject section */

/* Begin PBXResourcesBuildPhase section */
		852737DC236AEB1400ACA619 /* Resources */ = {
			isa = PBXResourcesBuildPhase;
			buildActionMask = 2147483647;
			files = (
				852737EE236AEB1500ACA619 /* LaunchScreen.storyboard in Resources */,
				852737EB236AEB1500ACA619 /* Assets.xcassets in Resources */,
				852737E9236AEB1400ACA619 /* Main.storyboard in Resources */,
			);
			runOnlyForDeploymentPostprocessing = 0;
		};
/* End PBXResourcesBuildPhase section */

/* Begin PBXSourcesBuildPhase section */
		852737DA236AEB1400ACA619 /* Sources */ = {
			isa = PBXSourcesBuildPhase;
			buildActionMask = 2147483647;
			files = (
				85ACDC43236F877F00502744 /* PlaceAnnotation.swift in Sources */,
				852737E6236AEB1400ACA619 /* ViewController.swift in Sources */,
				852737FA236AF9BE00ACA619 /* MapViewController.swift in Sources */,
				852737F6236AECB700ACA619 /* PlacesTableViewController.swift in Sources */,
				852737E2236AEB1400ACA619 /* AppDelegate.swift in Sources */,
				852737F8236AED3400ACA619 /* PlaceFinderViewController.swift in Sources */,
				85AA32E6236B52E100A1D6A4 /* Place.swift in Sources */,
				852737E4236AEB1400ACA619 /* SceneDelegate.swift in Sources */,
			);
			runOnlyForDeploymentPostprocessing = 0;
		};
/* End PBXSourcesBuildPhase section */

/* Begin PBXVariantGroup section */
		852737E7236AEB1400ACA619 /* Main.storyboard */ = {
			isa = PBXVariantGroup;
			children = (
				852737E8236AEB1400ACA619 /* Base */,
			);
			name = Main.storyboard;
			sourceTree = "<group>";
		};
		852737EC236AEB1500ACA619 /* LaunchScreen.storyboard */ = {
			isa = PBXVariantGroup;
			children = (
				852737ED236AEB1500ACA619 /* Base */,
			);
			name = LaunchScreen.storyboard;
			sourceTree = "<group>";
		};
/* End PBXVariantGroup section */

/* Begin XCBuildConfiguration section */
		852737F0236AEB1500ACA619 /* Debug */ = {
			isa = XCBuildConfiguration;
			buildSettings = {
				ALWAYS_SEARCH_USER_PATHS = NO;
				CLANG_ANALYZER_NONNULL = YES;
				CLANG_ANALYZER_NUMBER_OBJECT_CONVERSION = YES_AGGRESSIVE;
				CLANG_CXX_LANGUAGE_STANDARD = "gnu++14";
				CLANG_CXX_LIBRARY = "libc++";
				CLANG_ENABLE_MODULES = YES;
				CLANG_ENABLE_OBJC_ARC = YES;
				CLANG_ENABLE_OBJC_WEAK = YES;
				CLANG_WARN_BLOCK_CAPTURE_AUTORELEASING = YES;
				CLANG_WARN_BOOL_CONVERSION = YES;
				CLANG_WARN_COMMA = YES;
				CLANG_WARN_CONSTANT_CONVERSION = YES;
				CLANG_WARN_DEPRECATED_OBJC_IMPLEMENTATIONS = YES;
				CLANG_WARN_DIRECT_OBJC_ISA_USAGE = YES_ERROR;
				CLANG_WARN_DOCUMENTATION_COMMENTS = YES;
				CLANG_WARN_EMPTY_BODY = YES;
				CLANG_WARN_ENUM_CONVERSION = YES;
				CLANG_WARN_INFINITE_RECURSION = YES;
				CLANG_WARN_INT_CONVERSION = YES;
				CLANG_WARN_NON_LITERAL_NULL_CONVERSION = YES;
				CLANG_WARN_OBJC_IMPLICIT_RETAIN_SELF = YES;
				CLANG_WARN_OBJC_LITERAL_CONVERSION = YES;
				CLANG_WARN_OBJC_ROOT_CLASS = YES_ERROR;
				CLANG_WARN_RANGE_LOOP_ANALYSIS = YES;
				CLANG_WARN_STRICT_PROTOTYPES = YES;
				CLANG_WARN_SUSPICIOUS_MOVE = YES;
				CLANG_WARN_UNGUARDED_AVAILABILITY = YES_AGGRESSIVE;
				CLANG_WARN_UNREACHABLE_CODE = YES;
				CLANG_WARN__DUPLICATE_METHOD_MATCH = YES;
				COPY_PHASE_STRIP = NO;
				DEBUG_INFORMATION_FORMAT = dwarf;
				ENABLE_STRICT_OBJC_MSGSEND = YES;
				ENABLE_TESTABILITY = YES;
				GCC_C_LANGUAGE_STANDARD = gnu11;
				GCC_DYNAMIC_NO_PIC = NO;
				GCC_NO_COMMON_BLOCKS = YES;
				GCC_OPTIMIZATION_LEVEL = 0;
				GCC_PREPROCESSOR_DEFINITIONS = (
					"DEBUG=1",
					"$(inherited)",
				);
				GCC_WARN_64_TO_32_BIT_CONVERSION = YES;
				GCC_WARN_ABOUT_RETURN_TYPE = YES_ERROR;
				GCC_WARN_UNDECLARED_SELECTOR = YES;
				GCC_WARN_UNINITIALIZED_AUTOS = YES_AGGRESSIVE;
				GCC_WARN_UNUSED_FUNCTION = YES;
				GCC_WARN_UNUSED_VARIABLE = YES;
				IPHONEOS_DEPLOYMENT_TARGET = 13.1;
				MTL_ENABLE_DEBUG_INFO = INCLUDE_SOURCE;
				MTL_FAST_MATH = YES;
				ONLY_ACTIVE_ARCH = YES;
				SDKROOT = iphoneos;
				SWIFT_ACTIVE_COMPILATION_CONDITIONS = DEBUG;
				SWIFT_OPTIMIZATION_LEVEL = "-Onone";
			};
			name = Debug;
		};
		852737F1236AEB1500ACA619 /* Release */ = {
			isa = XCBuildConfiguration;
			buildSettings = {
				ALWAYS_SEARCH_USER_PATHS = NO;
				CLANG_ANALYZER_NONNULL = YES;
				CLANG_ANALYZER_NUMBER_OBJECT_CONVERSION = YES_AGGRESSIVE;
				CLANG_CXX_LANGUAGE_STANDARD = "gnu++14";
				CLANG_CXX_LIBRARY = "libc++";
				CLANG_ENABLE_MODULES = YES;
				CLANG_ENABLE_OBJC_ARC = YES;
				CLANG_ENABLE_OBJC_WEAK = YES;
				CLANG_WARN_BLOCK_CAPTURE_AUTORELEASING = YES;
				CLANG_WARN_BOOL_CONVERSION = YES;
				CLANG_WARN_COMMA = YES;
				CLANG_WARN_CONSTANT_CONVERSION = YES;
				CLANG_WARN_DEPRECATED_OBJC_IMPLEMENTATIONS = YES;
				CLANG_WARN_DIRECT_OBJC_ISA_USAGE = YES_ERROR;
				CLANG_WARN_DOCUMENTATION_COMMENTS = YES;
				CLANG_WARN_EMPTY_BODY = YES;
				CLANG_WARN_ENUM_CONVERSION = YES;
				CLANG_WARN_INFINITE_RECURSION = YES;
				CLANG_WARN_INT_CONVERSION = YES;
				CLANG_WARN_NON_LITERAL_NULL_CONVERSION = YES;
				CLANG_WARN_OBJC_IMPLICIT_RETAIN_SELF = YES;
				CLANG_WARN_OBJC_LITERAL_CONVERSION = YES;
				CLANG_WARN_OBJC_ROOT_CLASS = YES_ERROR;
				CLANG_WARN_RANGE_LOOP_ANALYSIS = YES;
				CLANG_WARN_STRICT_PROTOTYPES = YES;
				CLANG_WARN_SUSPICIOUS_MOVE = YES;
				CLANG_WARN_UNGUARDED_AVAILABILITY = YES_AGGRESSIVE;
				CLANG_WARN_UNREACHABLE_CODE = YES;
				CLANG_WARN__DUPLICATE_METHOD_MATCH = YES;
				COPY_PHASE_STRIP = NO;
				DEBUG_INFORMATION_FORMAT = "dwarf-with-dsym";
				ENABLE_NS_ASSERTIONS = NO;
				ENABLE_STRICT_OBJC_MSGSEND = YES;
				GCC_C_LANGUAGE_STANDARD = gnu11;
				GCC_NO_COMMON_BLOCKS = YES;
				GCC_WARN_64_TO_32_BIT_CONVERSION = YES;
				GCC_WARN_ABOUT_RETURN_TYPE = YES_ERROR;
				GCC_WARN_UNDECLARED_SELECTOR = YES;
				GCC_WARN_UNINITIALIZED_AUTOS = YES_AGGRESSIVE;
				GCC_WARN_UNUSED_FUNCTION = YES;
				GCC_WARN_UNUSED_VARIABLE = YES;
				IPHONEOS_DEPLOYMENT_TARGET = 13.1;
				MTL_ENABLE_DEBUG_INFO = NO;
				MTL_FAST_MATH = YES;
				SDKROOT = iphoneos;
				SWIFT_COMPILATION_MODE = wholemodule;
				SWIFT_OPTIMIZATION_LEVEL = "-O";
				VALIDATE_PRODUCT = YES;
			};
			name = Release;
		};
		852737F3236AEB1500ACA619 /* Debug */ = {
			isa = XCBuildConfiguration;
			buildSettings = {
				ASSETCATALOG_COMPILER_APPICON_NAME = AppIcon;
				CODE_SIGN_STYLE = Automatic;
				DEVELOPMENT_TEAM = 4H8URBFBQ9;
				INFOPLIST_FILE = QueroConhecer/Info.plist;
				IPHONEOS_DEPLOYMENT_TARGET = 13.0;
				LD_RUNPATH_SEARCH_PATHS = (
					"$(inherited)",
					"@executable_path/Frameworks",
				);
				PRODUCT_BUNDLE_IDENTIFIER = com.3MA.QueroConhecer;
				PRODUCT_NAME = 3MA_QueroConhecer;
				SWIFT_VERSION = 5.0;
				TARGETED_DEVICE_FAMILY = 1;
			};
			name = Debug;
		};
		852737F4236AEB1500ACA619 /* Release */ = {
			isa = XCBuildConfiguration;
			buildSettings = {
				ASSETCATALOG_COMPILER_APPICON_NAME = AppIcon;
				CODE_SIGN_STYLE = Automatic;
				DEVELOPMENT_TEAM = 4H8URBFBQ9;
				INFOPLIST_FILE = QueroConhecer/Info.plist;
				IPHONEOS_DEPLOYMENT_TARGET = 13.0;
				LD_RUNPATH_SEARCH_PATHS = (
					"$(inherited)",
					"@executable_path/Frameworks",
				);
				PRODUCT_BUNDLE_IDENTIFIER = com.3MA.QueroConhecer;
				PRODUCT_NAME = 3MA_QueroConhecer;
				SWIFT_VERSION = 5.0;
				TARGETED_DEVICE_FAMILY = 1;
			};
			name = Release;
		};
/* End XCBuildConfiguration section */

/* Begin XCConfigurationList section */
		852737D9236AEB1400ACA619 /* Build configuration list for PBXProject "QueroConhecer" */ = {
			isa = XCConfigurationList;
			buildConfigurations = (
				852737F0236AEB1500ACA619 /* Debug */,
				852737F1236AEB1500ACA619 /* Release */,
			);
			defaultConfigurationIsVisible = 0;
			defaultConfigurationName = Release;
		};
		852737F2236AEB1500ACA619 /* Build configuration list for PBXNativeTarget "QueroConhecer" */ = {
			isa = XCConfigurationList;
			buildConfigurations = (
				852737F3236AEB1500ACA619 /* Debug */,
				852737F4236AEB1500ACA619 /* Release */,
			);
			defaultConfigurationIsVisible = 0;
			defaultConfigurationName = Release;
		};
/* End XCConfigurationList section */
	};
	rootObject = 852737D6236AEB1400ACA619 /* Project object */;
}
